
Microsoft Visual Studio Solution File, Format Version 12.00
# Visual Studio Version 17
VisualStudioVersion = 17.13.35818.85
MinimumVisualStudioVersion = 10.0.40219.1
Project("{FAE04EC0-301F-11D3-BF4B-00C04F79EFBC}") = "anh-ngoc-packaging", "anh-ngoc-packaging.csproj", "{B272B5AC-B86C-45A4-A423-E2470D3183F3}"
EndProject
Global
	GlobalSection(SolutionConfigurationPlatforms) = preSolution
		Debug|Any CPU = Debug|Any CPU
		Release|Any CPU = Release|Any CPU
	EndGlobalSection
	GlobalSection(ProjectConfigurationPlatforms) = postSolution
		{B272B5AC-B86C-45A4-A423-E2470D3183F3}.Debug|Any CPU.ActiveCfg = Debug|Any CPU
		{B272B5AC-B86C-45A4-A423-E2470D3183F3}.Debug|Any CPU.Build.0 = Debug|Any CPU
		{B272B5AC-B86C-45A4-A423-E2470D3183F3}.Release|Any CPU.ActiveCfg = Release|Any CPU
		{B272B5AC-B86C-45A4-A423-E2470D3183F3}.Release|Any CPU.Build.0 = Release|Any CPU
	EndGlobalSection
	GlobalSection(SolutionProperties) = preSolution
		HideSolutionNode = FALSE
	EndGlobalSection
	GlobalSection(ExtensibilityGlobals) = postSolution
		SolutionGuid = {80649549-1492-4156-99D7-CDBA77A4E293}
	EndGlobalSection
EndGlobal
